
Microsoft Visual Studio Solution File, Format Version 12.00
# Visual Studio Version 16
VisualStudioVersion = 16.0.29613.14
MinimumVisualStudioVersion = 10.0.40219.1
Project("{9A19103F-16F7-4668-BE54-9A1E7A4F7556}") = "HEIC2JPEG", "HEIC2JPEG\HEIC2JPEG.csproj", "{ABE4CF62-CCDB-464B-8653-564EFB44F6A4}"
EndProject
Global
	GlobalSection(SolutionConfigurationPlatforms) = preSolution
		Debug|Any CPU = Debug|Any CPU
		Release|Any CPU = Release|Any CPU
	EndGlobalSection
	GlobalSection(ProjectConfigurationPlatforms) = postSolution
		{ABE4CF62-CCDB-464B-8653-564EFB44F6A4}.Debug|Any CPU.ActiveCfg = Debug|Any CPU
		{ABE4CF62-CCDB-464B-8653-564EFB44F6A4}.Debug|Any CPU.Build.0 = Debug|Any CPU
		{ABE4CF62-CCDB-464B-8653-564EFB44F6A4}.Release|Any CPU.ActiveCfg = Release|Any CPU
		{ABE4CF62-CCDB-464B-8653-564EFB44F6A4}.Release|Any CPU.Build.0 = Release|Any CPU
	EndGlobalSection
	GlobalSection(SolutionProperties) = preSolution
		HideSolutionNode = FALSE
	EndGlobalSection
	GlobalSection(ExtensibilityGlobals) = postSolution
		SolutionGuid = {229B0E2C-98AE-4F88-9DC2-50B9CC99D873}
	EndGlobalSection
EndGlobal
